// !$*UTF8*$!
{
	archiveVersion = 1;
	classes = {
	};
	objectVersion = 46;
	objects = {

/* Begin PBXBuildFile section */
		5704C4CE1DE7917B0092CF14 /* GreenViewController.swift in Sources */ = {isa = PBXBuildFile; fileRef = 5704C4CD1DE7917B0092CF14 /* GreenViewController.swift */; };
		5704C4D11DE7AAD50092CF14 /* GrayViewController.swift in Sources */ = {isa = PBXBuildFile; fileRef = 5704C4CF1DE7AAD50092CF14 /* GrayViewController.swift */; };
		5704C4D21DE7AAD50092CF14 /* GrayViewController.xib in Resources */ = {isa = PBXBuildFile; fileRef = 5704C4D01DE7AAD50092CF14 /* GrayViewController.xib */; };
		579B2D551DE50B31002A10BF /* AppDelegate.swift in Sources */ = {isa = PBXBuildFile; fileRef = 579B2D541DE50B31002A10BF /* AppDelegate.swift */; };
		579B2D571DE50B31002A10BF /* ViewController.swift in Sources */ = {isa = PBXBuildFile; fileRef = 579B2D561DE50B31002A10BF /* ViewController.swift */; };
		579B2D5A1DE50B31002A10BF /* Main.storyboard in Resources */ = {isa = PBXBuildFile; fileRef = 579B2D581DE50B31002A10BF /* Main.storyboard */; };
		579B2D5C1DE50B31002A10BF /* Assets.xcassets in Resources */ = {isa = PBXBuildFile; fileRef = 579B2D5B1DE50B31002A10BF /* Assets.xcassets */; };
		579B2D5F1DE50B31002A10BF /* LaunchScreen.storyboard in Resources */ = {isa = PBXBuildFile; fileRef = 579B2D5D1DE50B31002A10BF /* LaunchScreen.storyboard */; };
		579B2D671DE5113B002A10BF /* NewView.swift in Sources */ = {isa = PBXBuildFile; fileRef = 579B2D661DE5113B002A10BF /* NewView.swift */; };
/* End PBXBuildFile section */

/* Begin PBXFileReference section */
		5704C4CD1DE7917B0092CF14 /* GreenViewController.swift */ = {isa = PBXFileReference; fileEncoding = 4; lastKnownFileType = sourcecode.swift; path = GreenViewController.swift; sourceTree = "<group>"; };
		5704C4CF1DE7AAD50092CF14 /* GrayViewController.swift */ = {isa = PBXFileReference; fileEncoding = 4; lastKnownFileType = sourcecode.swift; path = GrayViewController.swift; sourceTree = "<group>"; };
		5704C4D01DE7AAD50092CF14 /* GrayViewController.xib */ = {isa = PBXFileReference; fileEncoding = 4; lastKnownFileType = file.xib; path = GrayViewController.xib; sourceTree = "<group>"; };
		579B2D511DE50B31002A10BF /* teste1.app */ = {isa = PBXFileReference; explicitFileType = wrapper.application; includeInIndex = 0; path = teste1.app; sourceTree = BUILT_PRODUCTS_DIR; };
		579B2D541DE50B31002A10BF /* AppDelegate.swift */ = {isa = PBXFileReference; lastKnownFileType = sourcecode.swift; path = AppDelegate.swift; sourceTree = "<group>"; };
		579B2D561DE50B31002A10BF /* ViewController.swift */ = {isa = PBXFileReference; lastKnownFileType = sourcecode.swift; path = ViewController.swift; sourceTree = "<group>"; };
		579B2D591DE50B31002A10BF /* Base */ = {isa = PBXFileReference; lastKnownFileType = file.storyboard; name = Base; path = Base.lproj/Main.storyboard; sourceTree = "<group>"; };
		579B2D5B1DE50B31002A10BF /* Assets.xcassets */ = {isa = PBXFileReference; lastKnownFileType = folder.assetcatalog; path = Assets.xcassets; sourceTree = "<group>"; };
		579B2D5E1DE50B31002A10BF /* Base */ = {isa = PBXFileReference; lastKnownFileType = file.storyboard; name = Base; path = Base.lproj/LaunchScreen.storyboard; sourceTree = "<group>"; };
		579B2D601DE50B31002A10BF /* Info.plist */ = {isa = PBXFileReference; lastKnownFileType = text.plist.xml; path = Info.plist; sourceTree = "<group>"; };
		579B2D661DE5113B002A10BF /* NewView.swift */ = {isa = PBXFileReference; fileEncoding = 4; lastKnownFileType = sourcecode.swift; path = NewView.swift; sourceTree = "<group>"; };
/* End PBXFileReference section */

/* Begin PBXFrameworksBuildPhase section */
		579B2D4E1DE50B31002A10BF /* Frameworks */ = {
			isa = PBXFrameworksBuildPhase;
			buildActionMask = 2147483647;
			files = (
			);
			runOnlyForDeploymentPostprocessing = 0;
		};
/* End PBXFrameworksBuildPhase section */

/* Begin PBXGroup section */
		579B2D481DE50B31002A10BF = {
			isa = PBXGroup;
			children = (
				579B2D531DE50B31002A10BF /* teste1 */,
				579B2D521DE50B31002A10BF /* Products */,
			);
			sourceTree = "<group>";
		};
		579B2D521DE50B31002A10BF /* Products */ = {
			isa = PBXGroup;
			children = (
				579B2D511DE50B31002A10BF /* teste1.app */,
			);
			name = Products;
			sourceTree = "<group>";
		};
		579B2D531DE50B31002A10BF /* teste1 */ = {
			isa = PBXGroup;
			children = (
				579B2D541DE50B31002A10BF /* AppDelegate.swift */,
				579B2D561DE50B31002A10BF /* ViewController.swift */,
				5704C4CF1DE7AAD50092CF14 /* GrayViewController.swift */,
				5704C4D01DE7AAD50092CF14 /* GrayViewController.xib */,
				579B2D661DE5113B002A10BF /* NewView.swift */,
				579B2D581DE50B31002A10BF /* Main.storyboard */,
				579B2D5B1DE50B31002A10BF /* Assets.xcassets */,
				579B2D5D1DE50B31002A10BF /* LaunchScreen.storyboard */,
				579B2D601DE50B31002A10BF /* Info.plist */,
				5704C4CD1DE7917B0092CF14 /* GreenViewController.swift */,
			);
			path = teste1;
			sourceTree = "<group>";
		};
/* End PBXGroup section */

/* Begin PBXNativeTarget section */
		579B2D501DE50B31002A10BF /* teste1 */ = {
			isa = PBXNativeTarget;
			buildConfigurationList = 579B2D631DE50B31002A10BF /* Build configuration list for PBXNativeTarget "teste1" */;
			buildPhases = (
				579B2D4D1DE50B31002A10BF /* Sources */,
				579B2D4E1DE50B31002A10BF /* Frameworks */,
				579B2D4F1DE50B31002A10BF /* Resources */,
			);
			buildRules = (
			);
			dependencies = (
			);
			name = teste1;
			productName = teste1;
			productReference = 579B2D511DE50B31002A10BF /* teste1.app */;
			productType = "com.apple.product-type.application";
		};
/* End PBXNativeTarget section */

/* Begin PBXProject section */
		579B2D491DE50B31002A10BF /* Project object */ = {
			isa = PBXProject;
			attributes = {
				LastSwiftUpdateCheck = 0800;
				LastUpgradeCheck = 0800;
				ORGANIZATIONNAME = targettrustt;
				TargetAttributes = {
					579B2D501DE50B31002A10BF = {
						CreatedOnToolsVersion = 8.0;
						ProvisioningStyle = Automatic;
					};
				};
			};
			buildConfigurationList = 579B2D4C1DE50B31002A10BF /* Build configuration list for PBXProject "teste1" */;
			compatibilityVersion = "Xcode 3.2";
			developmentRegion = English;
			hasScannedForEncodings = 0;
			knownRegions = (
				en,
				Base,
			);
			mainGroup = 579B2D481DE50B31002A10BF;
			productRefGroup = 579B2D521DE50B31002A10BF /* Products */;
			projectDirPath = "";
			projectRoot = "";
			targets = (
				579B2D501DE50B31002A10BF /* teste1 */,
			);
		};
/* End PBXProject section */

/* Begin PBXResourcesBuildPhase section */
		579B2D4F1DE50B31002A10BF /* Resources */ = {
			isa = PBXResourcesBuildPhase;
			buildActionMask = 2147483647;
			files = (
				579B2D5F1DE50B31002A10BF /* LaunchScreen.storyboard in Resources */,
				5704C4D21DE7AAD50092CF14 /* GrayViewController.xib in Resources */,
				579B2D5C1DE50B31002A10BF /* Assets.xcassets in Resources */,
				579B2D5A1DE50B31002A10BF /* Main.storyboard in Resources */,
			);
			runOnlyForDeploymentPostprocessing = 0;
		};
/* End PBXResourcesBuildPhase section */

/* Begin PBXSourcesBuildPhase section */
		579B2D4D1DE50B31002A10BF /* Sources */ = {
			isa = PBXSourcesBuildPhase;
			buildActionMask = 2147483647;
			files = (
				5704C4CE1DE7917B0092CF14 /* GreenViewController.swift in Sources */,
				579B2D671DE5113B002A10BF /* NewView.swift in Sources */,
				579B2D571DE50B31002A10BF /* ViewController.swift in Sources */,
				5704C4D11DE7AAD50092CF14 /* GrayViewController.swift in Sources */,
				579B2D551DE50B31002A10BF /* AppDelegate.swift in Sources */,
			);
			runOnlyForDeploymentPostprocessing = 0;
		};
/* End PBXSourcesBuildPhase section */

/* Begin PBXVariantGroup section */
		579B2D581DE50B31002A10BF /* Main.storyboard */ = {
			isa = PBXVariantGroup;
			children = (
				579B2D591DE50B31002A10BF /* Base */,
			);
			name = Main.storyboard;
			sourceTree = "<group>";
		};
		579B2D5D1DE50B31002A10BF /* LaunchScreen.storyboard */ = {
			isa = PBXVariantGroup;
			children = (
				579B2D5E1DE50B31002A10BF /* Base */,
			);
			name = LaunchScreen.storyboard;
			sourceTree = "<group>";
		};
/* End PBXVariantGroup section */

/* Begin XCBuildConfiguration section */
		579B2D611DE50B31002A10BF /* Debug */ = {
			isa = XCBuildConfiguration;
			buildSettings = {
				ALWAYS_SEARCH_USER_PATHS = NO;
				CLANG_ANALYZER_NONNULL = YES;
				CLANG_CXX_LANGUAGE_STANDARD = "gnu++0x";
				CLANG_CXX_LIBRARY = "libc++";
				CLANG_ENABLE_MODULES = YES;
				CLANG_ENABLE_OBJC_ARC = YES;
				CLANG_WARN_BOOL_CONVERSION = YES;
				CLANG_WARN_CONSTANT_CONVERSION = YES;
				CLANG_WARN_DIRECT_OBJC_ISA_USAGE = YES_ERROR;
				CLANG_WARN_DOCUMENTATION_COMMENTS = YES;
				CLANG_WARN_EMPTY_BODY = YES;
				CLANG_WARN_ENUM_CONVERSION = YES;
				CLANG_WARN_INFINITE_RECURSION = YES;
				CLANG_WARN_INT_CONVERSION = YES;
				CLANG_WARN_OBJC_ROOT_CLASS = YES_ERROR;
				CLANG_WARN_SUSPICIOUS_MOVES = YES;
				CLANG_WARN_UNREACHABLE_CODE = YES;
				CLANG_WARN__DUPLICATE_METHOD_MATCH = YES;
				"CODE_SIGN_IDENTITY[sdk=iphoneos*]" = "iPhone Developer";
				COPY_PHASE_STRIP = NO;
				DEBUG_INFORMATION_FORMAT = dwarf;
				ENABLE_STRICT_OBJC_MSGSEND = YES;
				ENABLE_TESTABILITY = YES;
				GCC_C_LANGUAGE_STANDARD = gnu99;
				GCC_DYNAMIC_NO_PIC = NO;
				GCC_NO_COMMON_BLOCKS = YES;
				GCC_OPTIMIZATION_LEVEL = 0;
				GCC_PREPROCESSOR_DEFINITIONS = (
					"DEBUG=1",
					"$(inherited)",
				);
				GCC_WARN_64_TO_32_BIT_CONVERSION = YES;
				GCC_WARN_ABOUT_RETURN_TYPE = YES_ERROR;
				GCC_WARN_UNDECLARED_SELECTOR = YES;
				GCC_WARN_UNINITIALIZED_AUTOS = YES_AGGRESSIVE;
				GCC_WARN_UNUSED_FUNCTION = YES;
				GCC_WARN_UNUSED_VARIABLE = YES;
				IPHONEOS_DEPLOYMENT_TARGET = 10.0;
				MTL_ENABLE_DEBUG_INFO = YES;
				ONLY_ACTIVE_ARCH = YES;
				SDKROOT = iphoneos;
				SWIFT_ACTIVE_COMPILATION_CONDITIONS = DEBUG;
				SWIFT_OPTIMIZATION_LEVEL = "-Onone";
				TARGETED_DEVICE_FAMILY = "1,2";
			};
			name = Debug;
		};
		579B2D621DE50B31002A10BF /* Release */ = {
			isa = XCBuildConfiguration;
			buildSettings = {
				ALWAYS_SEARCH_USER_PATHS = NO;
				CLANG_ANALYZER_NONNULL = YES;
				CLANG_CXX_LANGUAGE_STANDARD = "gnu++0x";
				CLANG_CXX_LIBRARY = "libc++";
				CLANG_ENABLE_MODULES = YES;
				CLANG_ENABLE_OBJC_ARC = YES;
				CLANG_WARN_BOOL_CONVERSION = YES;
				CLANG_WARN_CONSTANT_CONVERSION = YES;
				CLANG_WARN_DIRECT_OBJC_ISA_USAGE = YES_ERROR;
				CLANG_WARN_DOCUMENTATION_COMMENTS = YES;
				CLANG_WARN_EMPTY_BODY = YES;
				CLANG_WARN_ENUM_CONVERSION = YES;
				CLANG_WARN_INFINITE_RECURSION = YES;
				CLANG_WARN_INT_CONVERSION = YES;
				CLANG_WARN_OBJC_ROOT_CLASS = YES_ERROR;
				CLANG_WARN_SUSPICIOUS_MOVES = YES;
				CLANG_WARN_UNREACHABLE_CODE = YES;
				CLANG_WARN__DUPLICATE_METHOD_MATCH = YES;
				"CODE_SIGN_IDENTITY[sdk=iphoneos*]" = "iPhone Developer";
				COPY_PHASE_STRIP = NO;
				DEBUG_INFORMATION_FORMAT = "dwarf-with-dsym";
				ENABLE_NS_ASSERTIONS = NO;
				ENABLE_STRICT_OBJC_MSGSEND = YES;
				GCC_C_LANGUAGE_STANDARD = gnu99;
				GCC_NO_COMMON_BLOCKS = YES;
				GCC_WARN_64_TO_32_BIT_CONVERSION = YES;
				GCC_WARN_ABOUT_RETURN_TYPE = YES_ERROR;
				GCC_WARN_UNDECLARED_SELECTOR = YES;
				GCC_WARN_UNINITIALIZED_AUTOS = YES_AGGRESSIVE;
				GCC_WARN_UNUSED_FUNCTION = YES;
				GCC_WARN_UNUSED_VARIABLE = YES;
				IPHONEOS_DEPLOYMENT_TARGET = 10.0;
				MTL_ENABLE_DEBUG_INFO = NO;
				SDKROOT = iphoneos;
				SWIFT_OPTIMIZATION_LEVEL = "-Owholemodule";
				TARGETED_DEVICE_FAMILY = "1,2";
				VALIDATE_PRODUCT = YES;
			};
			name = Release;
		};
		579B2D641DE50B31002A10BF /* Debug */ = {
			isa = XCBuildConfiguration;
			buildSettings = {
				ASSETCATALOG_COMPILER_APPICON_NAME = AppIcon;
				INFOPLIST_FILE = teste1/Info.plist;
				LD_RUNPATH_SEARCH_PATHS = "$(inherited) @executable_path/Frameworks";
				PRODUCT_BUNDLE_IDENTIFIER = br.com.targettrust.teste1;
				PRODUCT_NAME = "$(TARGET_NAME)";
				SWIFT_VERSION = 3.0;
			};
			name = Debug;
		};
		579B2D651DE50B31002A10BF /* Release */ = {
			isa = XCBuildConfiguration;
			buildSettings = {
				ASSETCATALOG_COMPILER_APPICON_NAME = AppIcon;
				INFOPLIST_FILE = teste1/Info.plist;
				LD_RUNPATH_SEARCH_PATHS = "$(inherited) @executable_path/Frameworks";
				PRODUCT_BUNDLE_IDENTIFIER = br.com.targettrust.teste1;
				PRODUCT_NAME = "$(TARGET_NAME)";
				SWIFT_VERSION = 3.0;
			};
			name = Release;
		};
/* End XCBuildConfiguration section */

/* Begin XCConfigurationList section */
		579B2D4C1DE50B31002A10BF /* Build configuration list for PBXProject "teste1" */ = {
			isa = XCConfigurationList;
			buildConfigurations = (
				579B2D611DE50B31002A10BF /* Debug */,
				579B2D621DE50B31002A10BF /* Release */,
			);
			defaultConfigurationIsVisible = 0;
			defaultConfigurationName = Release;
		};
		579B2D631DE50B31002A10BF /* Build configuration list for PBXNativeTarget "teste1" */ = {
			isa = XCConfigurationList;
			buildConfigurations = (
				579B2D641DE50B31002A10BF /* Debug */,
				579B2D651DE50B31002A10BF /* Release */,
			);
			defaultConfigurationIsVisible = 0;
			defaultConfigurationName = Release;
		};
/* End XCConfigurationList section */
	};
	rootObject = 579B2D491DE50B31002A10BF /* Project object */;
}
